
Microsoft Visual Studio Solution File, Format Version 12.00
# Visual Studio Version 17
VisualStudioVersion = 17.6.33723.286
MinimumVisualStudioVersion = 10.0.40219.1
Project("{FAE04EC0-301F-11D3-BF4B-00C04F79EFBC}") = "SampleSPAExercise", "SampleSPAExercise\SampleSPAExercise.csproj", "{FA6A272B-761A-4E86-BE44-E048A50C91F0}"
EndProject
Global
	GlobalSection(SolutionConfigurationPlatforms) = preSolution
		Debug|Any CPU = Debug|Any CPU
		Release|Any CPU = Release|Any CPU
	EndGlobalSection
	GlobalSection(ProjectConfigurationPlatforms) = postSolution
		{FA6A272B-761A-4E86-BE44-E048A50C91F0}.Debug|Any CPU.ActiveCfg = Debug|Any CPU
		{FA6A272B-761A-4E86-BE44-E048A50C91F0}.Debug|Any CPU.Build.0 = Debug|Any CPU
		{FA6A272B-761A-4E86-BE44-E048A50C91F0}.Release|Any CPU.ActiveCfg = Release|Any CPU
		{FA6A272B-761A-4E86-BE44-E048A50C91F0}.Release|Any CPU.Build.0 = Release|Any CPU
	EndGlobalSection
	GlobalSection(SolutionProperties) = preSolution
		HideSolutionNode = FALSE
	EndGlobalSection
	GlobalSection(ExtensibilityGlobals) = postSolution
		SolutionGuid = {752AB5C0-8AD0-46FD-B494-6A2EFD064A27}
	EndGlobalSection
EndGlobal
